
Microsoft Visual Studio Solution File, Format Version 11.00
# Visual Studio 2010
Project("{FAE04EC0-301F-11D3-BF4B-00C04F79EFBC}") = "OldGoodsManage", "OldGoodsManage\OldGoodsManage.csproj", "{8B586058-F89A-40A2-B3CF-410D1BF20FA8}"
EndProject
Project("{FAE04EC0-301F-11D3-BF4B-00C04F79EFBC}") = "OldGoodsManage.Tests", "OldGoodsManage.Tests\OldGoodsManage.Tests.csproj", "{6A773404-ED51-4ADC-A436-BAC7F717BBCF}"
EndProject
Global
	GlobalSection(SolutionConfigurationPlatforms) = preSolution
		Debug|Any CPU = Debug|Any CPU
		Release|Any CPU = Release|Any CPU
	EndGlobalSection
	GlobalSection(ProjectConfigurationPlatforms) = postSolution
		{8B586058-F89A-40A2-B3CF-410D1BF20FA8}.Debug|Any CPU.ActiveCfg = Debug|Any CPU
		{8B586058-F89A-40A2-B3CF-410D1BF20FA8}.Debug|Any CPU.Build.0 = Debug|Any CPU
		{8B586058-F89A-40A2-B3CF-410D1BF20FA8}.Release|Any CPU.ActiveCfg = Release|Any CPU
		{8B586058-F89A-40A2-B3CF-410D1BF20FA8}.Release|Any CPU.Build.0 = Release|Any CPU
		{6A773404-ED51-4ADC-A436-BAC7F717BBCF}.Debug|Any CPU.ActiveCfg = Debug|Any CPU
		{6A773404-ED51-4ADC-A436-BAC7F717BBCF}.Debug|Any CPU.Build.0 = Debug|Any CPU
		{6A773404-ED51-4ADC-A436-BAC7F717BBCF}.Release|Any CPU.ActiveCfg = Release|Any CPU
		{6A773404-ED51-4ADC-A436-BAC7F717BBCF}.Release|Any CPU.Build.0 = Release|Any CPU
	EndGlobalSection
	GlobalSection(SolutionProperties) = preSolution
		HideSolutionNode = FALSE
	EndGlobalSection
EndGlobal
